<?xml version="1.0" encoding="utf-8"?>
<Project ToolsVersion="4.0" xmlns="http://schemas.microsoft.com/developer/msbuild/2003">
  <ItemGroup>
    <Filter Include="Snoow">
      <UniqueIdentifier>{9B2A1B0E-073F-43BF-D0C0-E61E3C943FF0}</UniqueIdentifier>
    </Filter>
  </ItemGroup>
  <ItemGroup>
    <ClInclude Include="src\Snoow.h" />
    <ClInclude Include="src\Snoow\Core.h">
      <Filter>Snoow</Filter>
    </ClInclude>
    <ClInclude Include="src\Snoow\EngineApp.h">
      <Filter>Snoow</Filter>
    </ClInclude>
    <ClInclude Include="src\Snoow\Log.h">
      <Filter>Snoow</Filter>
    </ClInclude>
    <ClInclude Include="src\Snoow\Main.h">
      <Filter>Snoow</Filter>
    </ClInclude>
    <ClInclude Include="src\Snoow\Window.h">
      <Filter>Snoow</Filter>
    </ClInclude>
  </ItemGroup>
  <ItemGroup>
    <ClCompile Include="src\Snoow\EngineApp.cpp">
      <Filter>Snoow</Filter>
    </ClCompile>
    <ClCompile Include="src\Snoow\Log.cpp">
      <Filter>Snoow</Filter>
    </ClCompile>
  </ItemGroup>
</Project>